{
  "requires": true,
  "lockfileVersion": 1,
  "dependencies": {
    "@hapi/address": {
      "version": "2.1.4",
      "resolved": "https://registry.npmjs.org/@hapi/address/-/address-2.1.4.tgz",
      "integrity": "sha512-QD1PhQk+s31P1ixsX0H0Suoupp3VMXzIVMSwobR3F3MSUO2YCV0B7xqLcUw/Bh8yuvd3LhpyqLQWTNcRmp6IdQ=="
    },
    "@hapi/hoek": {
      "version": "6.2.4",
      "resolved": "https://registry.npmjs.org/@hapi/hoek/-/hoek-6.2.4.tgz",
      "integrity": "sha512-HOJ20Kc93DkDVvjwHyHawPwPkX44sIrbXazAUDiUXaY2R9JwQGo2PhFfnQtdrsIe4igjG2fPgMra7NYw7qhy0A=="
    },
    "@hapi/joi": {
      "version": "15.0.3",
      "resolved": "https://registry.npmjs.org/@hapi/joi/-/joi-15.0.3.tgz",
      "integrity": "sha512-z6CesJ2YBwgVCi+ci8SI8zixoj8bGFn/vZb9MBPbSyoxsS2PnWYjHcyTM17VLK6tx64YVK38SDIh10hJypB+ig==",
      "requires": {
        "@hapi/address": "2.x.x",
        "@hapi/hoek": "6.x.x",
        "@hapi/topo": "3.x.x"
      }
    },
    "@hapi/topo": {
      "version": "3.1.6",
      "resolved": "https://registry.npmjs.org/@hapi/topo/-/topo-3.1.6.tgz",
      "integrity": "sha512-tAag0jEcjwH+P2quUfipd7liWCNX2F8NvYjQp2wtInsZxnMlypdw0FtAOLxtvvkO+GSRRbmNi8m/5y42PQJYCQ==",
      "requires": {
        "@hapi/hoek": "^8.3.0"
      },
      "dependencies": {
        "@hapi/hoek": {
          "version": "8.5.1",
          "resolved": "https://registry.npmjs.org/@hapi/hoek/-/hoek-8.5.1.tgz",
          "integrity": "sha512-yN7kbciD87WzLGc5539Tn0sApjyiGHAJgKvG9W8C7O+6c7qmoQMfVs0W4bX17eqz6C78QJqqFrtgdK5EWf6Qow=="
        }
      }
    }
  }
}
